
Microsoft Visual Studio Solution File, Format Version 12.00
# Visual Studio Version 17
VisualStudioVersion = 17.5.002.0
MinimumVisualStudioVersion = 10.0.40219.1
Project("{9A19103F-16F7-4668-BE54-9A1E7A4F7556}") = "Youtube_DL_Frontend", "Youtube_DL_Frontend.csproj", "{EB657353-0411-42C2-816E-EC3453618B02}"
EndProject
Global
	GlobalSection(SolutionConfigurationPlatforms) = preSolution
		Debug|Any CPU = Debug|Any CPU
		Release|Any CPU = Release|Any CPU
	EndGlobalSection
	GlobalSection(ProjectConfigurationPlatforms) = postSolution
		{EB657353-0411-42C2-816E-EC3453618B02}.Debug|Any CPU.ActiveCfg = Debug|Any CPU
		{EB657353-0411-42C2-816E-EC3453618B02}.Debug|Any CPU.Build.0 = Debug|Any CPU
		{EB657353-0411-42C2-816E-EC3453618B02}.Release|Any CPU.ActiveCfg = Release|Any CPU
		{EB657353-0411-42C2-816E-EC3453618B02}.Release|Any CPU.Build.0 = Release|Any CPU
	EndGlobalSection
	GlobalSection(SolutionProperties) = preSolution
		HideSolutionNode = FALSE
	EndGlobalSection
	GlobalSection(ExtensibilityGlobals) = postSolution
		SolutionGuid = {45C7E948-90E4-4FF1-BB08-CB2345332C8B}
	EndGlobalSection
EndGlobal
